
Microsoft Visual Studio Solution File, Format Version 12.00
# Visual Studio Version 16
VisualStudioVersion = 16.0.29215.179
MinimumVisualStudioVersion = 10.0.40219.1
Project("{8BC9CEB8-8B4A-11D0-8D11-00A0C91BC942}") = "pbNewDisplay", "pbNewDisplay\pbNewDisplay.vcxproj", "{66B46C73-D03E-4EC9-820D-8D3894191865}"
EndProject
Global
	GlobalSection(SolutionConfigurationPlatforms) = preSolution
		Debug|x64 = Debug|x64
		Debug|x86 = Debug|x86
		Release|x64 = Release|x64
		Release|x86 = Release|x86
	EndGlobalSection
	GlobalSection(ProjectConfigurationPlatforms) = postSolution
		{66B46C73-D03E-4EC9-820D-8D3894191865}.Debug|x64.ActiveCfg = Debug|x64
		{66B46C73-D03E-4EC9-820D-8D3894191865}.Debug|x64.Build.0 = Debug|x64
		{66B46C73-D03E-4EC9-820D-8D3894191865}.Debug|x86.ActiveCfg = Debug|Win32
		{66B46C73-D03E-4EC9-820D-8D3894191865}.Debug|x86.Build.0 = Debug|Win32
		{66B46C73-D03E-4EC9-820D-8D3894191865}.Release|x64.ActiveCfg = Release|x64
		{66B46C73-D03E-4EC9-820D-8D3894191865}.Release|x64.Build.0 = Release|x64
		{66B46C73-D03E-4EC9-820D-8D3894191865}.Release|x86.ActiveCfg = Release|Win32
		{66B46C73-D03E-4EC9-820D-8D3894191865}.Release|x86.Build.0 = Release|Win32
	EndGlobalSection
	GlobalSection(SolutionProperties) = preSolution
		HideSolutionNode = FALSE
	EndGlobalSection
	GlobalSection(ExtensibilityGlobals) = postSolution
		SolutionGuid = {2566369B-5F73-4C28-A411-C83297B253DE}
	EndGlobalSection
EndGlobal
